
Microsoft Visual Studio Solution File, Format Version 11.00
# Visual Studio 2010 Express for Windows Phone
Project("{FAE04EC0-301F-11D3-BF4B-00C04F79EFBC}") = "wpxna", "wpxna\wpxna.csproj", "{63FC1678-9206-4DD4-BFEB-343F33711574}"
EndProject
Project("{FAE04EC0-301F-11D3-BF4B-00C04F79EFBC}") = "mygame", "mygame\mygame\mygame.csproj", "{6964FAA3-6C5E-46EA-A0BF-E0EC705EFCAF}"
EndProject
Project("{FAE04EC0-301F-11D3-BF4B-00C04F79EFBC}") = "mygameLib", "mygame\mygameLib\mygameLib.csproj", "{66B12B08-97DE-4C2D-8134-6B313BFD30E7}"
EndProject
Project("{96E2B04D-8817-42C6-938A-82C39BA4D311}") = "mygameLibContent", "mygame\mygameLibContent\mygameLibContent.contentproj", "{289EDC45-3B4D-404B-AE16-87369C28DA82}"
EndProject
Global
	GlobalSection(SolutionConfigurationPlatforms) = preSolution
		Debug|Any CPU = Debug|Any CPU
		Debug|Mixed Platforms = Debug|Mixed Platforms
		Debug|Windows Phone = Debug|Windows Phone
		Release|Any CPU = Release|Any CPU
		Release|Mixed Platforms = Release|Mixed Platforms
		Release|Windows Phone = Release|Windows Phone
	EndGlobalSection
	GlobalSection(ProjectConfigurationPlatforms) = postSolution
		{63FC1678-9206-4DD4-BFEB-343F33711574}.Debug|Any CPU.ActiveCfg = Debug|Windows Phone
		{63FC1678-9206-4DD4-BFEB-343F33711574}.Debug|Mixed Platforms.ActiveCfg = Debug|Windows Phone
		{63FC1678-9206-4DD4-BFEB-343F33711574}.Debug|Windows Phone.ActiveCfg = Debug|Windows Phone
		{63FC1678-9206-4DD4-BFEB-343F33711574}.Debug|Windows Phone.Build.0 = Debug|Windows Phone
		{63FC1678-9206-4DD4-BFEB-343F33711574}.Release|Any CPU.ActiveCfg = Release|Windows Phone
		{63FC1678-9206-4DD4-BFEB-343F33711574}.Release|Mixed Platforms.ActiveCfg = Release|Windows Phone
		{63FC1678-9206-4DD4-BFEB-343F33711574}.Release|Mixed Platforms.Build.0 = Release|Windows Phone
		{63FC1678-9206-4DD4-BFEB-343F33711574}.Release|Windows Phone.ActiveCfg = Release|Windows Phone
		{63FC1678-9206-4DD4-BFEB-343F33711574}.Release|Windows Phone.Build.0 = Release|Windows Phone
		{6964FAA3-6C5E-46EA-A0BF-E0EC705EFCAF}.Debug|Any CPU.ActiveCfg = Debug|Any CPU
		{6964FAA3-6C5E-46EA-A0BF-E0EC705EFCAF}.Debug|Any CPU.Build.0 = Debug|Any CPU
		{6964FAA3-6C5E-46EA-A0BF-E0EC705EFCAF}.Debug|Any CPU.Deploy.0 = Debug|Any CPU
		{6964FAA3-6C5E-46EA-A0BF-E0EC705EFCAF}.Debug|Mixed Platforms.ActiveCfg = Debug|Any CPU
		{6964FAA3-6C5E-46EA-A0BF-E0EC705EFCAF}.Debug|Mixed Platforms.Deploy.0 = Debug|Any CPU
		{6964FAA3-6C5E-46EA-A0BF-E0EC705EFCAF}.Debug|Windows Phone.ActiveCfg = Debug|Any CPU
		{6964FAA3-6C5E-46EA-A0BF-E0EC705EFCAF}.Release|Any CPU.ActiveCfg = Release|Any CPU
		{6964FAA3-6C5E-46EA-A0BF-E0EC705EFCAF}.Release|Any CPU.Build.0 = Release|Any CPU
		{6964FAA3-6C5E-46EA-A0BF-E0EC705EFCAF}.Release|Any CPU.Deploy.0 = Release|Any CPU
		{6964FAA3-6C5E-46EA-A0BF-E0EC705EFCAF}.Release|Mixed Platforms.ActiveCfg = Release|Any CPU
		{6964FAA3-6C5E-46EA-A0BF-E0EC705EFCAF}.Release|Mixed Platforms.Build.0 = Release|Any CPU
		{6964FAA3-6C5E-46EA-A0BF-E0EC705EFCAF}.Release|Mixed Platforms.Deploy.0 = Release|Any CPU
		{6964FAA3-6C5E-46EA-A0BF-E0EC705EFCAF}.Release|Windows Phone.ActiveCfg = Release|Any CPU
		{66B12B08-97DE-4C2D-8134-6B313BFD30E7}.Debug|Any CPU.ActiveCfg = Debug|Windows Phone
		{66B12B08-97DE-4C2D-8134-6B313BFD30E7}.Debug|Mixed Platforms.ActiveCfg = Debug|Windows Phone
		{66B12B08-97DE-4C2D-8134-6B313BFD30E7}.Debug|Windows Phone.ActiveCfg = Debug|Windows Phone
		{66B12B08-97DE-4C2D-8134-6B313BFD30E7}.Debug|Windows Phone.Build.0 = Debug|Windows Phone
		{66B12B08-97DE-4C2D-8134-6B313BFD30E7}.Release|Any CPU.ActiveCfg = Release|Windows Phone
		{66B12B08-97DE-4C2D-8134-6B313BFD30E7}.Release|Mixed Platforms.ActiveCfg = Release|Windows Phone
		{66B12B08-97DE-4C2D-8134-6B313BFD30E7}.Release|Mixed Platforms.Build.0 = Release|Windows Phone
		{66B12B08-97DE-4C2D-8134-6B313BFD30E7}.Release|Windows Phone.ActiveCfg = Release|Windows Phone
		{66B12B08-97DE-4C2D-8134-6B313BFD30E7}.Release|Windows Phone.Build.0 = Release|Windows Phone
		{289EDC45-3B4D-404B-AE16-87369C28DA82}.Debug|Any CPU.ActiveCfg = Debug|Windows Phone
		{289EDC45-3B4D-404B-AE16-87369C28DA82}.Debug|Mixed Platforms.ActiveCfg = Debug|Windows Phone
		{289EDC45-3B4D-404B-AE16-87369C28DA82}.Debug|Windows Phone.ActiveCfg = Debug|Windows Phone
		{289EDC45-3B4D-404B-AE16-87369C28DA82}.Release|Any CPU.ActiveCfg = Release|Windows Phone
		{289EDC45-3B4D-404B-AE16-87369C28DA82}.Release|Mixed Platforms.ActiveCfg = Release|Windows Phone
		{289EDC45-3B4D-404B-AE16-87369C28DA82}.Release|Windows Phone.ActiveCfg = Release|Windows Phone
	EndGlobalSection
	GlobalSection(SolutionProperties) = preSolution
		HideSolutionNode = FALSE
	EndGlobalSection
EndGlobal
